
Microsoft Visual Studio Solution File, Format Version 12.00
# Visual Studio Version 17
VisualStudioVersion = 17.9.34701.34
MinimumVisualStudioVersion = 10.0.40219.1
Project("{FAE04EC0-301F-11D3-BF4B-00C04F79EFBC}") = "TvcLesson09EF", "TvcLesson09EF.csproj", "{16523EF1-4AFC-4C65-A929-5AC4BE785E1B}"
EndProject
Global
	GlobalSection(SolutionConfigurationPlatforms) = preSolution
		Debug|Any CPU = Debug|Any CPU
		Release|Any CPU = Release|Any CPU
	EndGlobalSection
	GlobalSection(ProjectConfigurationPlatforms) = postSolution
		{16523EF1-4AFC-4C65-A929-5AC4BE785E1B}.Debug|Any CPU.ActiveCfg = Debug|Any CPU
		{16523EF1-4AFC-4C65-A929-5AC4BE785E1B}.Debug|Any CPU.Build.0 = Debug|Any CPU
		{16523EF1-4AFC-4C65-A929-5AC4BE785E1B}.Release|Any CPU.ActiveCfg = Release|Any CPU
		{16523EF1-4AFC-4C65-A929-5AC4BE785E1B}.Release|Any CPU.Build.0 = Release|Any CPU
	EndGlobalSection
	GlobalSection(SolutionProperties) = preSolution
		HideSolutionNode = FALSE
	EndGlobalSection
	GlobalSection(ExtensibilityGlobals) = postSolution
		SolutionGuid = {8F6085CC-52F7-44BE-AFA7-6C0851BE63C8}
	EndGlobalSection
EndGlobal
