
Microsoft Visual Studio Solution File, Format Version 12.00
# Visual Studio Version 17
VisualStudioVersion = 17.9.34701.34
MinimumVisualStudioVersion = 10.0.40219.1
Project("{FAE04EC0-301F-11D3-BF4B-00C04F79EFBC}") = "TvcLesson02", "TvcLesson02.csproj", "{9ABA60A7-D783-412C-8261-DC1EF3C0C32A}"
EndProject
Global
	GlobalSection(SolutionConfigurationPlatforms) = preSolution
		Debug|Any CPU = Debug|Any CPU
		Release|Any CPU = Release|Any CPU
	EndGlobalSection
	GlobalSection(ProjectConfigurationPlatforms) = postSolution
		{9ABA60A7-D783-412C-8261-DC1EF3C0C32A}.Debug|Any CPU.ActiveCfg = Debug|Any CPU
		{9ABA60A7-D783-412C-8261-DC1EF3C0C32A}.Debug|Any CPU.Build.0 = Debug|Any CPU
		{9ABA60A7-D783-412C-8261-DC1EF3C0C32A}.Release|Any CPU.ActiveCfg = Release|Any CPU
		{9ABA60A7-D783-412C-8261-DC1EF3C0C32A}.Release|Any CPU.Build.0 = Release|Any CPU
	EndGlobalSection
	GlobalSection(SolutionProperties) = preSolution
		HideSolutionNode = FALSE
	EndGlobalSection
	GlobalSection(ExtensibilityGlobals) = postSolution
		SolutionGuid = {05087E26-90CE-4CA8-B82D-3D06FE58BBA6}
	EndGlobalSection
EndGlobal
